
Microsoft Visual Studio Solution File, Format Version 12.00
# Visual Studio Version 17
VisualStudioVersion = 17.9.34723.18
MinimumVisualStudioVersion = 10.0.40219.1
Project("{9A19103F-16F7-4668-BE54-9A1E7A4F7556}") = "CK_ASP_NET_CORE", "CK_ASP_NET_CORE.csproj", "{A3676E69-6F0E-4070-9A54-9832D000CBE0}"
EndProject
Global
	GlobalSection(SolutionConfigurationPlatforms) = preSolution
		Debug|Any CPU = Debug|Any CPU
		Release|Any CPU = Release|Any CPU
	EndGlobalSection
	GlobalSection(ProjectConfigurationPlatforms) = postSolution
		{A3676E69-6F0E-4070-9A54-9832D000CBE0}.Debug|Any CPU.ActiveCfg = Debug|Any CPU
		{A3676E69-6F0E-4070-9A54-9832D000CBE0}.Debug|Any CPU.Build.0 = Debug|Any CPU
		{A3676E69-6F0E-4070-9A54-9832D000CBE0}.Release|Any CPU.ActiveCfg = Release|Any CPU
		{A3676E69-6F0E-4070-9A54-9832D000CBE0}.Release|Any CPU.Build.0 = Release|Any CPU
	EndGlobalSection
	GlobalSection(SolutionProperties) = preSolution
		HideSolutionNode = FALSE
	EndGlobalSection
	GlobalSection(ExtensibilityGlobals) = postSolution
		SolutionGuid = {D9EC535A-1086-4BC4-ADBB-AE2E8685DC27}
	EndGlobalSection
EndGlobal
